{
  "name": "konsum-cloudflare-worker",
  "lockfileVersion": 3,
  "requires": true,
  "packages": {
    "": {
      "devDependencies": {
        "@konsumation/openapi": "^1.0.2"
      }
    },
    "node_modules/@konsumation/openapi": {
      "version": "1.0.2",
      "resolved": "https://registry.npmjs.org/@konsumation/openapi/-/openapi-1.0.2.tgz",
      "integrity": "sha512-1NK/dJpqdpE+Hj2JpUdLfWFOVyxSnj9IoHifePWW/+6KlkoTSIZzJOOo417mZwzC9awtPPVR1iKKF2ELOm00Vg==",
      "dev": true
    }
  }
}
